
Microsoft Visual Studio Solution File, Format Version 12.00
# Visual Studio Version 16
VisualStudioVersion = 16.0.33027.164
MinimumVisualStudioVersion = 10.0.40219.1
Project("{FAE04EC0-301F-11D3-BF4B-00C04F79EFBC}") = "lab4ex6", "lab4ex6\lab4ex6.csproj", "{1DA68DE5-F8D4-456E-AC1B-A0325DE325B6}"
EndProject
Global
	GlobalSection(SolutionConfigurationPlatforms) = preSolution
		Debug|Any CPU = Debug|Any CPU
		Release|Any CPU = Release|Any CPU
	EndGlobalSection
	GlobalSection(ProjectConfigurationPlatforms) = postSolution
		{1DA68DE5-F8D4-456E-AC1B-A0325DE325B6}.Debug|Any CPU.ActiveCfg = Debug|Any CPU
		{1DA68DE5-F8D4-456E-AC1B-A0325DE325B6}.Debug|Any CPU.Build.0 = Debug|Any CPU
		{1DA68DE5-F8D4-456E-AC1B-A0325DE325B6}.Release|Any CPU.ActiveCfg = Release|Any CPU
		{1DA68DE5-F8D4-456E-AC1B-A0325DE325B6}.Release|Any CPU.Build.0 = Release|Any CPU
	EndGlobalSection
	GlobalSection(SolutionProperties) = preSolution
		HideSolutionNode = FALSE
	EndGlobalSection
	GlobalSection(ExtensibilityGlobals) = postSolution
		SolutionGuid = {1A88177C-8126-43E4-965E-DF2274C81AD5}
	EndGlobalSection
EndGlobal
